
Microsoft Visual Studio Solution File, Format Version 12.00
# Visual Studio Version 16
VisualStudioVersion = 16.0.30011.22
MinimumVisualStudioVersion = 10.0.40219.1
Project("{FAE04EC0-301F-11D3-BF4B-00C04F79EFBC}") = "AlfaFile", "AlfaFile\AlfaFile.csproj", "{C6ECBD74-3288-40B4-B3FD-5011568D5602}"
EndProject
Project("{FAE04EC0-301F-11D3-BF4B-00C04F79EFBC}") = "FileGenerator", "FileGenerator\FileGenerator.csproj", "{71E7CD64-255C-4904-8AF7-4FB3CD5844C9}"
EndProject
Project("{FAE04EC0-301F-11D3-BF4B-00C04F79EFBC}") = "WebApplication", "WebApplication\WebApplication.csproj", "{79776B46-3833-4278-8FE1-9A45DAF4FB5F}"
EndProject
Global
	GlobalSection(SolutionConfigurationPlatforms) = preSolution
		Debug|Any CPU = Debug|Any CPU
		Release|Any CPU = Release|Any CPU
	EndGlobalSection
	GlobalSection(ProjectConfigurationPlatforms) = postSolution
		{C6ECBD74-3288-40B4-B3FD-5011568D5602}.Debug|Any CPU.ActiveCfg = Debug|Any CPU
		{C6ECBD74-3288-40B4-B3FD-5011568D5602}.Debug|Any CPU.Build.0 = Debug|Any CPU
		{C6ECBD74-3288-40B4-B3FD-5011568D5602}.Release|Any CPU.ActiveCfg = Release|Any CPU
		{C6ECBD74-3288-40B4-B3FD-5011568D5602}.Release|Any CPU.Build.0 = Release|Any CPU
		{71E7CD64-255C-4904-8AF7-4FB3CD5844C9}.Debug|Any CPU.ActiveCfg = Debug|Any CPU
		{71E7CD64-255C-4904-8AF7-4FB3CD5844C9}.Debug|Any CPU.Build.0 = Debug|Any CPU
		{71E7CD64-255C-4904-8AF7-4FB3CD5844C9}.Release|Any CPU.ActiveCfg = Release|Any CPU
		{71E7CD64-255C-4904-8AF7-4FB3CD5844C9}.Release|Any CPU.Build.0 = Release|Any CPU
		{79776B46-3833-4278-8FE1-9A45DAF4FB5F}.Debug|Any CPU.ActiveCfg = Debug|Any CPU
		{79776B46-3833-4278-8FE1-9A45DAF4FB5F}.Debug|Any CPU.Build.0 = Debug|Any CPU
		{79776B46-3833-4278-8FE1-9A45DAF4FB5F}.Release|Any CPU.ActiveCfg = Release|Any CPU
		{79776B46-3833-4278-8FE1-9A45DAF4FB5F}.Release|Any CPU.Build.0 = Release|Any CPU
	EndGlobalSection
	GlobalSection(SolutionProperties) = preSolution
		HideSolutionNode = FALSE
	EndGlobalSection
	GlobalSection(ExtensibilityGlobals) = postSolution
		SolutionGuid = {40AD5F12-3E66-49CF-B42C-72624569CD03}
	EndGlobalSection
EndGlobal
